// !$*UTF8*$!
{
	archiveVersion = 1;
	classes = {
	};
	objectVersion = 55;
	objects = {

/* Begin PBXBuildFile section */
		2EB5A69628CE13BE0032BCF8 /* AppDelegate.swift in Sources */ = {isa = PBXBuildFile; fileRef = 2EB5A69528CE13BE0032BCF8 /* AppDelegate.swift */; };
		2EB5A69828CE13BE0032BCF8 /* SceneDelegate.swift in Sources */ = {isa = PBXBuildFile; fileRef = 2EB5A69728CE13BE0032BCF8 /* SceneDelegate.swift */; };
		2EB5A69A28CE13BE0032BCF8 /* ViewController.swift in Sources */ = {isa = PBXBuildFile; fileRef = 2EB5A69928CE13BE0032BCF8 /* ViewController.swift */; };
		2EB5A69D28CE13BE0032BCF8 /* Main.storyboard in Resources */ = {isa = PBXBuildFile; fileRef = 2EB5A69B28CE13BE0032BCF8 /* Main.storyboard */; };
		2EB5A69F28CE13BF0032BCF8 /* Assets.xcassets in Resources */ = {isa = PBXBuildFile; fileRef = 2EB5A69E28CE13BF0032BCF8 /* Assets.xcassets */; };
		2EB5A6A228CE13BF0032BCF8 /* LaunchScreen.storyboard in Resources */ = {isa = PBXBuildFile; fileRef = 2EB5A6A028CE13BF0032BCF8 /* LaunchScreen.storyboard */; };
		2EB5A6AA28CE176A0032BCF8 /* ViewController+Ext.swift in Sources */ = {isa = PBXBuildFile; fileRef = 2EB5A6A928CE176A0032BCF8 /* ViewController+Ext.swift */; };
		2EB5A6AC28CE1C740032BCF8 /* ViewController+Cells.swift in Sources */ = {isa = PBXBuildFile; fileRef = 2EB5A6AB28CE1C740032BCF8 /* ViewController+Cells.swift */; };
		2EB5A6AE28CE1F680032BCF8 /* ViewModel.swift in Sources */ = {isa = PBXBuildFile; fileRef = 2EB5A6AD28CE1F680032BCF8 /* ViewModel.swift */; };
/* End PBXBuildFile section */

/* Begin PBXFileReference section */
		2EB5A69228CE13BE0032BCF8 /* SqliteSample.app */ = {isa = PBXFileReference; explicitFileType = wrapper.application; includeInIndex = 0; path = SqliteSample.app; sourceTree = BUILT_PRODUCTS_DIR; };
		2EB5A69528CE13BE0032BCF8 /* AppDelegate.swift */ = {isa = PBXFileReference; lastKnownFileType = sourcecode.swift; path = AppDelegate.swift; sourceTree = "<group>"; };
		2EB5A69728CE13BE0032BCF8 /* SceneDelegate.swift */ = {isa = PBXFileReference; lastKnownFileType = sourcecode.swift; path = SceneDelegate.swift; sourceTree = "<group>"; };
		2EB5A69928CE13BE0032BCF8 /* ViewController.swift */ = {isa = PBXFileReference; lastKnownFileType = sourcecode.swift; path = ViewController.swift; sourceTree = "<group>"; };
		2EB5A69C28CE13BE0032BCF8 /* Base */ = {isa = PBXFileReference; lastKnownFileType = file.storyboard; name = Base; path = Base.lproj/Main.storyboard; sourceTree = "<group>"; };
		2EB5A69E28CE13BF0032BCF8 /* Assets.xcassets */ = {isa = PBXFileReference; lastKnownFileType = folder.assetcatalog; path = Assets.xcassets; sourceTree = "<group>"; };
		2EB5A6A128CE13BF0032BCF8 /* Base */ = {isa = PBXFileReference; lastKnownFileType = file.storyboard; name = Base; path = Base.lproj/LaunchScreen.storyboard; sourceTree = "<group>"; };
		2EB5A6A328CE13BF0032BCF8 /* Info.plist */ = {isa = PBXFileReference; lastKnownFileType = text.plist.xml; path = Info.plist; sourceTree = "<group>"; };
		2EB5A6A928CE176A0032BCF8 /* ViewController+Ext.swift */ = {isa = PBXFileReference; lastKnownFileType = sourcecode.swift; path = "ViewController+Ext.swift"; sourceTree = "<group>"; };
		2EB5A6AB28CE1C740032BCF8 /* ViewController+Cells.swift */ = {isa = PBXFileReference; lastKnownFileType = sourcecode.swift; path = "ViewController+Cells.swift"; sourceTree = "<group>"; };
		2EB5A6AD28CE1F680032BCF8 /* ViewModel.swift */ = {isa = PBXFileReference; lastKnownFileType = sourcecode.swift; path = ViewModel.swift; sourceTree = "<group>"; };
/* End PBXFileReference section */

/* Begin PBXFrameworksBuildPhase section */
		2EB5A68F28CE13BE0032BCF8 /* Frameworks */ = {
			isa = PBXFrameworksBuildPhase;
			buildActionMask = 2147483647;
			files = (
			);
			runOnlyForDeploymentPostprocessing = 0;
		};
/* End PBXFrameworksBuildPhase section */

/* Begin PBXGroup section */
		2EB5A68928CE13BE0032BCF8 = {
			isa = PBXGroup;
			children = (
				2EB5A69428CE13BE0032BCF8 /* SqliteSample */,
				2EB5A69328CE13BE0032BCF8 /* Products */,
			);
			sourceTree = "<group>";
		};
		2EB5A69328CE13BE0032BCF8 /* Products */ = {
			isa = PBXGroup;
			children = (
				2EB5A69228CE13BE0032BCF8 /* SqliteSample.app */,
			);
			name = Products;
			sourceTree = "<group>";
		};
		2EB5A69428CE13BE0032BCF8 /* SqliteSample */ = {
			isa = PBXGroup;
			children = (
				2EB5A69528CE13BE0032BCF8 /* AppDelegate.swift */,
				2EB5A69728CE13BE0032BCF8 /* SceneDelegate.swift */,
				2EB5A69928CE13BE0032BCF8 /* ViewController.swift */,
				2EB5A6A928CE176A0032BCF8 /* ViewController+Ext.swift */,
				2EB5A6AB28CE1C740032BCF8 /* ViewController+Cells.swift */,
				2EB5A6AD28CE1F680032BCF8 /* ViewModel.swift */,
				2EB5A69B28CE13BE0032BCF8 /* Main.storyboard */,
				2EB5A69E28CE13BF0032BCF8 /* Assets.xcassets */,
				2EB5A6A028CE13BF0032BCF8 /* LaunchScreen.storyboard */,
				2EB5A6A328CE13BF0032BCF8 /* Info.plist */,
			);
			path = SqliteSample;
			sourceTree = "<group>";
		};
/* End PBXGroup section */

/* Begin PBXNativeTarget section */
		2EB5A69128CE13BE0032BCF8 /* SqliteSample */ = {
			isa = PBXNativeTarget;
			buildConfigurationList = 2EB5A6A628CE13BF0032BCF8 /* Build configuration list for PBXNativeTarget "SqliteSample" */;
			buildPhases = (
				2EB5A68E28CE13BE0032BCF8 /* Sources */,
				2EB5A68F28CE13BE0032BCF8 /* Frameworks */,
				2EB5A69028CE13BE0032BCF8 /* Resources */,
			);
			buildRules = (
			);
			dependencies = (
			);
			name = SqliteSample;
			productName = SqliteSample;
			productReference = 2EB5A69228CE13BE0032BCF8 /* SqliteSample.app */;
			productType = "com.apple.product-type.application";
		};
/* End PBXNativeTarget section */

/* Begin PBXProject section */
		2EB5A68A28CE13BE0032BCF8 /* Project object */ = {
			isa = PBXProject;
			attributes = {
				BuildIndependentTargetsInParallel = 1;
				LastSwiftUpdateCheck = 1330;
				LastUpgradeCheck = 1330;
				TargetAttributes = {
					2EB5A69128CE13BE0032BCF8 = {
						CreatedOnToolsVersion = 13.3;
					};
				};
			};
			buildConfigurationList = 2EB5A68D28CE13BE0032BCF8 /* Build configuration list for PBXProject "SqliteSample" */;
			compatibilityVersion = "Xcode 13.0";
			developmentRegion = en;
			hasScannedForEncodings = 0;
			knownRegions = (
				en,
				Base,
			);
			mainGroup = 2EB5A68928CE13BE0032BCF8;
			productRefGroup = 2EB5A69328CE13BE0032BCF8 /* Products */;
			projectDirPath = "";
			projectRoot = "";
			targets = (
				2EB5A69128CE13BE0032BCF8 /* SqliteSample */,
			);
		};
/* End PBXProject section */

/* Begin PBXResourcesBuildPhase section */
		2EB5A69028CE13BE0032BCF8 /* Resources */ = {
			isa = PBXResourcesBuildPhase;
			buildActionMask = 2147483647;
			files = (
				2EB5A6A228CE13BF0032BCF8 /* LaunchScreen.storyboard in Resources */,
				2EB5A69F28CE13BF0032BCF8 /* Assets.xcassets in Resources */,
				2EB5A69D28CE13BE0032BCF8 /* Main.storyboard in Resources */,
			);
			runOnlyForDeploymentPostprocessing = 0;
		};
/* End PBXResourcesBuildPhase section */

/* Begin PBXSourcesBuildPhase section */
		2EB5A68E28CE13BE0032BCF8 /* Sources */ = {
			isa = PBXSourcesBuildPhase;
			buildActionMask = 2147483647;
			files = (
				2EB5A69A28CE13BE0032BCF8 /* ViewController.swift in Sources */,
				2EB5A69628CE13BE0032BCF8 /* AppDelegate.swift in Sources */,
				2EB5A6AC28CE1C740032BCF8 /* ViewController+Cells.swift in Sources */,
				2EB5A6AA28CE176A0032BCF8 /* ViewController+Ext.swift in Sources */,
				2EB5A6AE28CE1F680032BCF8 /* ViewModel.swift in Sources */,
				2EB5A69828CE13BE0032BCF8 /* SceneDelegate.swift in Sources */,
			);
			runOnlyForDeploymentPostprocessing = 0;
		};
/* End PBXSourcesBuildPhase section */

/* Begin PBXVariantGroup section */
		2EB5A69B28CE13BE0032BCF8 /* Main.storyboard */ = {
			isa = PBXVariantGroup;
			children = (
				2EB5A69C28CE13BE0032BCF8 /* Base */,
			);
			name = Main.storyboard;
			sourceTree = "<group>";
		};
		2EB5A6A028CE13BF0032BCF8 /* LaunchScreen.storyboard */ = {
			isa = PBXVariantGroup;
			children = (
				2EB5A6A128CE13BF0032BCF8 /* Base */,
			);
			name = LaunchScreen.storyboard;
			sourceTree = "<group>";
		};
/* End PBXVariantGroup section */

/* Begin XCBuildConfiguration section */
		2EB5A6A428CE13BF0032BCF8 /* Debug */ = {
			isa = XCBuildConfiguration;
			buildSettings = {
				ALWAYS_SEARCH_USER_PATHS = NO;
				CLANG_ANALYZER_NONNULL = YES;
				CLANG_ANALYZER_NUMBER_OBJECT_CONVERSION = YES_AGGRESSIVE;
				CLANG_CXX_LANGUAGE_STANDARD = "gnu++17";
				CLANG_ENABLE_MODULES = YES;
				CLANG_ENABLE_OBJC_ARC = YES;
				CLANG_ENABLE_OBJC_WEAK = YES;
				CLANG_WARN_BLOCK_CAPTURE_AUTORELEASING = YES;
				CLANG_WARN_BOOL_CONVERSION = YES;
				CLANG_WARN_COMMA = YES;
				CLANG_WARN_CONSTANT_CONVERSION = YES;
				CLANG_WARN_DEPRECATED_OBJC_IMPLEMENTATIONS = YES;
				CLANG_WARN_DIRECT_OBJC_ISA_USAGE = YES_ERROR;
				CLANG_WARN_DOCUMENTATION_COMMENTS = YES;
				CLANG_WARN_EMPTY_BODY = YES;
				CLANG_WARN_ENUM_CONVERSION = YES;
				CLANG_WARN_INFINITE_RECURSION = YES;
				CLANG_WARN_INT_CONVERSION = YES;
				CLANG_WARN_NON_LITERAL_NULL_CONVERSION = YES;
				CLANG_WARN_OBJC_IMPLICIT_RETAIN_SELF = YES;
				CLANG_WARN_OBJC_LITERAL_CONVERSION = YES;
				CLANG_WARN_OBJC_ROOT_CLASS = YES_ERROR;
				CLANG_WARN_QUOTED_INCLUDE_IN_FRAMEWORK_HEADER = YES;
				CLANG_WARN_RANGE_LOOP_ANALYSIS = YES;
				CLANG_WARN_STRICT_PROTOTYPES = YES;
				CLANG_WARN_SUSPICIOUS_MOVE = YES;
				CLANG_WARN_UNGUARDED_AVAILABILITY = YES_AGGRESSIVE;
				CLANG_WARN_UNREACHABLE_CODE = YES;
				CLANG_WARN__DUPLICATE_METHOD_MATCH = YES;
				COPY_PHASE_STRIP = NO;
				DEBUG_INFORMATION_FORMAT = dwarf;
				ENABLE_STRICT_OBJC_MSGSEND = YES;
				ENABLE_TESTABILITY = YES;
				GCC_C_LANGUAGE_STANDARD = gnu11;
				GCC_DYNAMIC_NO_PIC = NO;
				GCC_NO_COMMON_BLOCKS = YES;
				GCC_OPTIMIZATION_LEVEL = 0;
				GCC_PREPROCESSOR_DEFINITIONS = (
					"DEBUG=1",
					"$(inherited)",
				);
				GCC_WARN_64_TO_32_BIT_CONVERSION = YES;
				GCC_WARN_ABOUT_RETURN_TYPE = YES_ERROR;
				GCC_WARN_UNDECLARED_SELECTOR = YES;
				GCC_WARN_UNINITIALIZED_AUTOS = YES_AGGRESSIVE;
				GCC_WARN_UNUSED_FUNCTION = YES;
				GCC_WARN_UNUSED_VARIABLE = YES;
				IPHONEOS_DEPLOYMENT_TARGET = 15.4;
				MTL_ENABLE_DEBUG_INFO = INCLUDE_SOURCE;
				MTL_FAST_MATH = YES;
				ONLY_ACTIVE_ARCH = YES;
				SDKROOT = iphoneos;
				SWIFT_ACTIVE_COMPILATION_CONDITIONS = DEBUG;
				SWIFT_OPTIMIZATION_LEVEL = "-Onone";
			};
			name = Debug;
		};
		2EB5A6A528CE13BF0032BCF8 /* Release */ = {
			isa = XCBuildConfiguration;
			buildSettings = {
				ALWAYS_SEARCH_USER_PATHS = NO;
				CLANG_ANALYZER_NONNULL = YES;
				CLANG_ANALYZER_NUMBER_OBJECT_CONVERSION = YES_AGGRESSIVE;
				CLANG_CXX_LANGUAGE_STANDARD = "gnu++17";
				CLANG_ENABLE_MODULES = YES;
				CLANG_ENABLE_OBJC_ARC = YES;
				CLANG_ENABLE_OBJC_WEAK = YES;
				CLANG_WARN_BLOCK_CAPTURE_AUTORELEASING = YES;
				CLANG_WARN_BOOL_CONVERSION = YES;
				CLANG_WARN_COMMA = YES;
				CLANG_WARN_CONSTANT_CONVERSION = YES;
				CLANG_WARN_DEPRECATED_OBJC_IMPLEMENTATIONS = YES;
				CLANG_WARN_DIRECT_OBJC_ISA_USAGE = YES_ERROR;
				CLANG_WARN_DOCUMENTATION_COMMENTS = YES;
				CLANG_WARN_EMPTY_BODY = YES;
				CLANG_WARN_ENUM_CONVERSION = YES;
				CLANG_WARN_INFINITE_RECURSION = YES;
				CLANG_WARN_INT_CONVERSION = YES;
				CLANG_WARN_NON_LITERAL_NULL_CONVERSION = YES;
				CLANG_WARN_OBJC_IMPLICIT_RETAIN_SELF = YES;
				CLANG_WARN_OBJC_LITERAL_CONVERSION = YES;
				CLANG_WARN_OBJC_ROOT_CLASS = YES_ERROR;
				CLANG_WARN_QUOTED_INCLUDE_IN_FRAMEWORK_HEADER = YES;
				CLANG_WARN_RANGE_LOOP_ANALYSIS = YES;
				CLANG_WARN_STRICT_PROTOTYPES = YES;
				CLANG_WARN_SUSPICIOUS_MOVE = YES;
				CLANG_WARN_UNGUARDED_AVAILABILITY = YES_AGGRESSIVE;
				CLANG_WARN_UNREACHABLE_CODE = YES;
				CLANG_WARN__DUPLICATE_METHOD_MATCH = YES;
				COPY_PHASE_STRIP = NO;
				DEBUG_INFORMATION_FORMAT = "dwarf-with-dsym";
				ENABLE_NS_ASSERTIONS = NO;
				ENABLE_STRICT_OBJC_MSGSEND = YES;
				GCC_C_LANGUAGE_STANDARD = gnu11;
				GCC_NO_COMMON_BLOCKS = YES;
				GCC_WARN_64_TO_32_BIT_CONVERSION = YES;
				GCC_WARN_ABOUT_RETURN_TYPE = YES_ERROR;
				GCC_WARN_UNDECLARED_SELECTOR = YES;
				GCC_WARN_UNINITIALIZED_AUTOS = YES_AGGRESSIVE;
				GCC_WARN_UNUSED_FUNCTION = YES;
				GCC_WARN_UNUSED_VARIABLE = YES;
				IPHONEOS_DEPLOYMENT_TARGET = 15.4;
				MTL_ENABLE_DEBUG_INFO = NO;
				MTL_FAST_MATH = YES;
				SDKROOT = iphoneos;
				SWIFT_COMPILATION_MODE = wholemodule;
				SWIFT_OPTIMIZATION_LEVEL = "-O";
				VALIDATE_PRODUCT = YES;
			};
			name = Release;
		};
		2EB5A6A728CE13BF0032BCF8 /* Debug */ = {
			isa = XCBuildConfiguration;
			buildSettings = {
				ASSETCATALOG_COMPILER_APPICON_NAME = AppIcon;
				ASSETCATALOG_COMPILER_GLOBAL_ACCENT_COLOR_NAME = AccentColor;
				CODE_SIGN_STYLE = Automatic;
				CURRENT_PROJECT_VERSION = 1;
				DEVELOPMENT_TEAM = MHCM5E2KX5;
				GENERATE_INFOPLIST_FILE = YES;
				INFOPLIST_FILE = SqliteSample/Info.plist;
				INFOPLIST_KEY_UIApplicationSupportsIndirectInputEvents = YES;
				INFOPLIST_KEY_UILaunchStoryboardName = LaunchScreen;
				INFOPLIST_KEY_UIMainStoryboardFile = Main;
				INFOPLIST_KEY_UISupportedInterfaceOrientations_iPad = "UIInterfaceOrientationPortrait UIInterfaceOrientationPortraitUpsideDown UIInterfaceOrientationLandscapeLeft UIInterfaceOrientationLandscapeRight";
				INFOPLIST_KEY_UISupportedInterfaceOrientations_iPhone = "UIInterfaceOrientationPortrait UIInterfaceOrientationLandscapeLeft UIInterfaceOrientationLandscapeRight";
				LD_RUNPATH_SEARCH_PATHS = (
					"$(inherited)",
					"@executable_path/Frameworks",
				);
				MARKETING_VERSION = 1.0;
				PRODUCT_BUNDLE_IDENTIFIER = com.softfoundry.SQliteIOS.SqliteSample;
				PRODUCT_NAME = "$(TARGET_NAME)";
				SWIFT_EMIT_LOC_STRINGS = YES;
				SWIFT_VERSION = 5.0;
				TARGETED_DEVICE_FAMILY = "1,2";
			};
			name = Debug;
		};
		2EB5A6A828CE13BF0032BCF8 /* Release */ = {
			isa = XCBuildConfiguration;
			buildSettings = {
				ASSETCATALOG_COMPILER_APPICON_NAME = AppIcon;
				ASSETCATALOG_COMPILER_GLOBAL_ACCENT_COLOR_NAME = AccentColor;
				CODE_SIGN_STYLE = Automatic;
				CURRENT_PROJECT_VERSION = 1;
				DEVELOPMENT_TEAM = MHCM5E2KX5;
				GENERATE_INFOPLIST_FILE = YES;
				INFOPLIST_FILE = SqliteSample/Info.plist;
				INFOPLIST_KEY_UIApplicationSupportsIndirectInputEvents = YES;
				INFOPLIST_KEY_UILaunchStoryboardName = LaunchScreen;
				INFOPLIST_KEY_UIMainStoryboardFile = Main;
				INFOPLIST_KEY_UISupportedInterfaceOrientations_iPad = "UIInterfaceOrientationPortrait UIInterfaceOrientationPortraitUpsideDown UIInterfaceOrientationLandscapeLeft UIInterfaceOrientationLandscapeRight";
				INFOPLIST_KEY_UISupportedInterfaceOrientations_iPhone = "UIInterfaceOrientationPortrait UIInterfaceOrientationLandscapeLeft UIInterfaceOrientationLandscapeRight";
				LD_RUNPATH_SEARCH_PATHS = (
					"$(inherited)",
					"@executable_path/Frameworks",
				);
				MARKETING_VERSION = 1.0;
				PRODUCT_BUNDLE_IDENTIFIER = com.softfoundry.SQliteIOS.SqliteSample;
				PRODUCT_NAME = "$(TARGET_NAME)";
				SWIFT_EMIT_LOC_STRINGS = YES;
				SWIFT_VERSION = 5.0;
				TARGETED_DEVICE_FAMILY = "1,2";
			};
			name = Release;
		};
/* End XCBuildConfiguration section */

/* Begin XCConfigurationList section */
		2EB5A68D28CE13BE0032BCF8 /* Build configuration list for PBXProject "SqliteSample" */ = {
			isa = XCConfigurationList;
			buildConfigurations = (
				2EB5A6A428CE13BF0032BCF8 /* Debug */,
				2EB5A6A528CE13BF0032BCF8 /* Release */,
			);
			defaultConfigurationIsVisible = 0;
			defaultConfigurationName = Release;
		};
		2EB5A6A628CE13BF0032BCF8 /* Build configuration list for PBXNativeTarget "SqliteSample" */ = {
			isa = XCConfigurationList;
			buildConfigurations = (
				2EB5A6A728CE13BF0032BCF8 /* Debug */,
				2EB5A6A828CE13BF0032BCF8 /* Release */,
			);
			defaultConfigurationIsVisible = 0;
			defaultConfigurationName = Release;
		};
/* End XCConfigurationList section */
	};
	rootObject = 2EB5A68A28CE13BE0032BCF8 /* Project object */;
}
