// !$*UTF8*$!
{
	archiveVersion = 1;
	classes = {
	};
	objectVersion = 55;
	objects = {

/* Begin PBXBuildFile section */
		2EB19BB128E848BF000AAA89 /* Model.swift in Sources */ = {isa = PBXBuildFile; fileRef = 2EB19BB028E848BF000AAA89 /* Model.swift */; };
		2EB19BB328E84987000AAA89 /* ViewController+Cells.swift in Sources */ = {isa = PBXBuildFile; fileRef = 2EB19BB228E84987000AAA89 /* ViewController+Cells.swift */; };
		376947C0386A12A073EA34F6 /* Pods_PostgressIOS.framework in Frameworks */ = {isa = PBXBuildFile; fileRef = 3295B6FCF1740C401251DDCA /* Pods_PostgressIOS.framework */; };
		B1F7B57C28DC23B800252C79 /* AppDelegate.swift in Sources */ = {isa = PBXBuildFile; fileRef = B1F7B57B28DC23B800252C79 /* AppDelegate.swift */; };
		B1F7B57E28DC23B800252C79 /* SceneDelegate.swift in Sources */ = {isa = PBXBuildFile; fileRef = B1F7B57D28DC23B800252C79 /* SceneDelegate.swift */; };
		B1F7B58028DC23B800252C79 /* ViewController.swift in Sources */ = {isa = PBXBuildFile; fileRef = B1F7B57F28DC23B800252C79 /* ViewController.swift */; };
		B1F7B58328DC23B800252C79 /* Main.storyboard in Resources */ = {isa = PBXBuildFile; fileRef = B1F7B58128DC23B800252C79 /* Main.storyboard */; };
		B1F7B58528DC23BA00252C79 /* Assets.xcassets in Resources */ = {isa = PBXBuildFile; fileRef = B1F7B58428DC23BA00252C79 /* Assets.xcassets */; };
		B1F7B58828DC23BA00252C79 /* LaunchScreen.storyboard in Resources */ = {isa = PBXBuildFile; fileRef = B1F7B58628DC23BA00252C79 /* LaunchScreen.storyboard */; };
/* End PBXBuildFile section */

/* Begin PBXFileReference section */
		263D1FBBBFCB1EA6ACACB820 /* Pods-PostgressIOS.debug.xcconfig */ = {isa = PBXFileReference; includeInIndex = 1; lastKnownFileType = text.xcconfig; name = "Pods-PostgressIOS.debug.xcconfig"; path = "Target Support Files/Pods-PostgressIOS/Pods-PostgressIOS.debug.xcconfig"; sourceTree = "<group>"; };
		2EB19BB028E848BF000AAA89 /* Model.swift */ = {isa = PBXFileReference; lastKnownFileType = sourcecode.swift; path = Model.swift; sourceTree = "<group>"; };
		2EB19BB228E84987000AAA89 /* ViewController+Cells.swift */ = {isa = PBXFileReference; lastKnownFileType = sourcecode.swift; path = "ViewController+Cells.swift"; sourceTree = "<group>"; };
		3295B6FCF1740C401251DDCA /* Pods_PostgressIOS.framework */ = {isa = PBXFileReference; explicitFileType = wrapper.framework; includeInIndex = 0; path = Pods_PostgressIOS.framework; sourceTree = BUILT_PRODUCTS_DIR; };
		B1F7B57828DC23B800252C79 /* PostgressIOS.app */ = {isa = PBXFileReference; explicitFileType = wrapper.application; includeInIndex = 0; path = PostgressIOS.app; sourceTree = BUILT_PRODUCTS_DIR; };
		B1F7B57B28DC23B800252C79 /* AppDelegate.swift */ = {isa = PBXFileReference; lastKnownFileType = sourcecode.swift; path = AppDelegate.swift; sourceTree = "<group>"; };
		B1F7B57D28DC23B800252C79 /* SceneDelegate.swift */ = {isa = PBXFileReference; lastKnownFileType = sourcecode.swift; path = SceneDelegate.swift; sourceTree = "<group>"; };
		B1F7B57F28DC23B800252C79 /* ViewController.swift */ = {isa = PBXFileReference; lastKnownFileType = sourcecode.swift; path = ViewController.swift; sourceTree = "<group>"; };
		B1F7B58228DC23B800252C79 /* Base */ = {isa = PBXFileReference; lastKnownFileType = file.storyboard; name = Base; path = Base.lproj/Main.storyboard; sourceTree = "<group>"; };
		B1F7B58428DC23BA00252C79 /* Assets.xcassets */ = {isa = PBXFileReference; lastKnownFileType = folder.assetcatalog; path = Assets.xcassets; sourceTree = "<group>"; };
		B1F7B58728DC23BA00252C79 /* Base */ = {isa = PBXFileReference; lastKnownFileType = file.storyboard; name = Base; path = Base.lproj/LaunchScreen.storyboard; sourceTree = "<group>"; };
		B1F7B58928DC23BA00252C79 /* Info.plist */ = {isa = PBXFileReference; lastKnownFileType = text.plist.xml; path = Info.plist; sourceTree = "<group>"; };
		CA08CE683C037ED6488895E0 /* Pods-PostgressIOS.release.xcconfig */ = {isa = PBXFileReference; includeInIndex = 1; lastKnownFileType = text.xcconfig; name = "Pods-PostgressIOS.release.xcconfig"; path = "Target Support Files/Pods-PostgressIOS/Pods-PostgressIOS.release.xcconfig"; sourceTree = "<group>"; };
/* End PBXFileReference section */

/* Begin PBXFrameworksBuildPhase section */
		B1F7B57528DC23B800252C79 /* Frameworks */ = {
			isa = PBXFrameworksBuildPhase;
			buildActionMask = 2147483647;
			files = (
				376947C0386A12A073EA34F6 /* Pods_PostgressIOS.framework in Frameworks */,
			);
			runOnlyForDeploymentPostprocessing = 0;
		};
/* End PBXFrameworksBuildPhase section */

/* Begin PBXGroup section */
		2BC3DC24EAFCEED03A691720 /* Frameworks */ = {
			isa = PBXGroup;
			children = (
				3295B6FCF1740C401251DDCA /* Pods_PostgressIOS.framework */,
			);
			name = Frameworks;
			sourceTree = "<group>";
		};
		B1F7B56F28DC23B800252C79 = {
			isa = PBXGroup;
			children = (
				B1F7B57A28DC23B800252C79 /* PostgressIOS */,
				B1F7B57928DC23B800252C79 /* Products */,
				B5EC7482AE0CD3BD030EFA85 /* Pods */,
				2BC3DC24EAFCEED03A691720 /* Frameworks */,
			);
			sourceTree = "<group>";
		};
		B1F7B57928DC23B800252C79 /* Products */ = {
			isa = PBXGroup;
			children = (
				B1F7B57828DC23B800252C79 /* PostgressIOS.app */,
			);
			name = Products;
			sourceTree = "<group>";
		};
		B1F7B57A28DC23B800252C79 /* PostgressIOS */ = {
			isa = PBXGroup;
			children = (
				B1F7B57B28DC23B800252C79 /* AppDelegate.swift */,
				B1F7B57D28DC23B800252C79 /* SceneDelegate.swift */,
				B1F7B57F28DC23B800252C79 /* ViewController.swift */,
				B1F7B58128DC23B800252C79 /* Main.storyboard */,
				B1F7B58428DC23BA00252C79 /* Assets.xcassets */,
				B1F7B58628DC23BA00252C79 /* LaunchScreen.storyboard */,
				B1F7B58928DC23BA00252C79 /* Info.plist */,
				2EB19BB028E848BF000AAA89 /* Model.swift */,
				2EB19BB228E84987000AAA89 /* ViewController+Cells.swift */,
			);
			path = PostgressIOS;
			sourceTree = "<group>";
		};
		B5EC7482AE0CD3BD030EFA85 /* Pods */ = {
			isa = PBXGroup;
			children = (
				263D1FBBBFCB1EA6ACACB820 /* Pods-PostgressIOS.debug.xcconfig */,
				CA08CE683C037ED6488895E0 /* Pods-PostgressIOS.release.xcconfig */,
			);
			name = Pods;
			path = Pods;
			sourceTree = "<group>";
		};
/* End PBXGroup section */

/* Begin PBXNativeTarget section */
		B1F7B57728DC23B800252C79 /* PostgressIOS */ = {
			isa = PBXNativeTarget;
			buildConfigurationList = B1F7B58C28DC23BA00252C79 /* Build configuration list for PBXNativeTarget "PostgressIOS" */;
			buildPhases = (
				5DC4C60318A77AC6B58DD0F8 /* [CP] Check Pods Manifest.lock */,
				B1F7B57428DC23B800252C79 /* Sources */,
				B1F7B57528DC23B800252C79 /* Frameworks */,
				B1F7B57628DC23B800252C79 /* Resources */,
				C8B095491D85C4C631ED45A6 /* [CP] Embed Pods Frameworks */,
			);
			buildRules = (
			);
			dependencies = (
			);
			name = PostgressIOS;
			productName = PostgressIOS;
			productReference = B1F7B57828DC23B800252C79 /* PostgressIOS.app */;
			productType = "com.apple.product-type.application";
		};
/* End PBXNativeTarget section */

/* Begin PBXProject section */
		B1F7B57028DC23B800252C79 /* Project object */ = {
			isa = PBXProject;
			attributes = {
				BuildIndependentTargetsInParallel = 1;
				LastSwiftUpdateCheck = 1330;
				LastUpgradeCheck = 1330;
				TargetAttributes = {
					B1F7B57728DC23B800252C79 = {
						CreatedOnToolsVersion = 13.3;
					};
				};
			};
			buildConfigurationList = B1F7B57328DC23B800252C79 /* Build configuration list for PBXProject "PostgressIOS" */;
			compatibilityVersion = "Xcode 13.0";
			developmentRegion = en;
			hasScannedForEncodings = 0;
			knownRegions = (
				en,
				Base,
			);
			mainGroup = B1F7B56F28DC23B800252C79;
			productRefGroup = B1F7B57928DC23B800252C79 /* Products */;
			projectDirPath = "";
			projectRoot = "";
			targets = (
				B1F7B57728DC23B800252C79 /* PostgressIOS */,
			);
		};
/* End PBXProject section */

/* Begin PBXResourcesBuildPhase section */
		B1F7B57628DC23B800252C79 /* Resources */ = {
			isa = PBXResourcesBuildPhase;
			buildActionMask = 2147483647;
			files = (
				B1F7B58828DC23BA00252C79 /* LaunchScreen.storyboard in Resources */,
				B1F7B58528DC23BA00252C79 /* Assets.xcassets in Resources */,
				B1F7B58328DC23B800252C79 /* Main.storyboard in Resources */,
			);
			runOnlyForDeploymentPostprocessing = 0;
		};
/* End PBXResourcesBuildPhase section */

/* Begin PBXShellScriptBuildPhase section */
		5DC4C60318A77AC6B58DD0F8 /* [CP] Check Pods Manifest.lock */ = {
			isa = PBXShellScriptBuildPhase;
			buildActionMask = 2147483647;
			files = (
			);
			inputFileListPaths = (
			);
			inputPaths = (
				"${PODS_PODFILE_DIR_PATH}/Podfile.lock",
				"${PODS_ROOT}/Manifest.lock",
			);
			name = "[CP] Check Pods Manifest.lock";
			outputFileListPaths = (
			);
			outputPaths = (
				"$(DERIVED_FILE_DIR)/Pods-PostgressIOS-checkManifestLockResult.txt",
			);
			runOnlyForDeploymentPostprocessing = 0;
			shellPath = /bin/sh;
			shellScript = "diff \"${PODS_PODFILE_DIR_PATH}/Podfile.lock\" \"${PODS_ROOT}/Manifest.lock\" > /dev/null\nif [ $? != 0 ] ; then\n    # print error to STDERR\n    echo \"error: The sandbox is not in sync with the Podfile.lock. Run 'pod install' or update your CocoaPods installation.\" >&2\n    exit 1\nfi\n# This output is used by Xcode 'outputs' to avoid re-running this script phase.\necho \"SUCCESS\" > \"${SCRIPT_OUTPUT_FILE_0}\"\n";
			showEnvVarsInLog = 0;
		};
		C8B095491D85C4C631ED45A6 /* [CP] Embed Pods Frameworks */ = {
			isa = PBXShellScriptBuildPhase;
			buildActionMask = 2147483647;
			files = (
			);
			inputFileListPaths = (
				"${PODS_ROOT}/Target Support Files/Pods-PostgressIOS/Pods-PostgressIOS-frameworks-${CONFIGURATION}-input-files.xcfilelist",
			);
			name = "[CP] Embed Pods Frameworks";
			outputFileListPaths = (
				"${PODS_ROOT}/Target Support Files/Pods-PostgressIOS/Pods-PostgressIOS-frameworks-${CONFIGURATION}-output-files.xcfilelist",
			);
			runOnlyForDeploymentPostprocessing = 0;
			shellPath = /bin/sh;
			shellScript = "\"${PODS_ROOT}/Target Support Files/Pods-PostgressIOS/Pods-PostgressIOS-frameworks.sh\"\n";
			showEnvVarsInLog = 0;
		};
/* End PBXShellScriptBuildPhase section */

/* Begin PBXSourcesBuildPhase section */
		B1F7B57428DC23B800252C79 /* Sources */ = {
			isa = PBXSourcesBuildPhase;
			buildActionMask = 2147483647;
			files = (
				B1F7B58028DC23B800252C79 /* ViewController.swift in Sources */,
				B1F7B57C28DC23B800252C79 /* AppDelegate.swift in Sources */,
				2EB19BB328E84987000AAA89 /* ViewController+Cells.swift in Sources */,
				B1F7B57E28DC23B800252C79 /* SceneDelegate.swift in Sources */,
				2EB19BB128E848BF000AAA89 /* Model.swift in Sources */,
			);
			runOnlyForDeploymentPostprocessing = 0;
		};
/* End PBXSourcesBuildPhase section */

/* Begin PBXVariantGroup section */
		B1F7B58128DC23B800252C79 /* Main.storyboard */ = {
			isa = PBXVariantGroup;
			children = (
				B1F7B58228DC23B800252C79 /* Base */,
			);
			name = Main.storyboard;
			sourceTree = "<group>";
		};
		B1F7B58628DC23BA00252C79 /* LaunchScreen.storyboard */ = {
			isa = PBXVariantGroup;
			children = (
				B1F7B58728DC23BA00252C79 /* Base */,
			);
			name = LaunchScreen.storyboard;
			sourceTree = "<group>";
		};
/* End PBXVariantGroup section */

/* Begin XCBuildConfiguration section */
		B1F7B58A28DC23BA00252C79 /* Debug */ = {
			isa = XCBuildConfiguration;
			buildSettings = {
				ALWAYS_SEARCH_USER_PATHS = NO;
				CLANG_ANALYZER_NONNULL = YES;
				CLANG_ANALYZER_NUMBER_OBJECT_CONVERSION = YES_AGGRESSIVE;
				CLANG_CXX_LANGUAGE_STANDARD = "gnu++17";
				CLANG_ENABLE_MODULES = YES;
				CLANG_ENABLE_OBJC_ARC = YES;
				CLANG_ENABLE_OBJC_WEAK = YES;
				CLANG_WARN_BLOCK_CAPTURE_AUTORELEASING = YES;
				CLANG_WARN_BOOL_CONVERSION = YES;
				CLANG_WARN_COMMA = YES;
				CLANG_WARN_CONSTANT_CONVERSION = YES;
				CLANG_WARN_DEPRECATED_OBJC_IMPLEMENTATIONS = YES;
				CLANG_WARN_DIRECT_OBJC_ISA_USAGE = YES_ERROR;
				CLANG_WARN_DOCUMENTATION_COMMENTS = YES;
				CLANG_WARN_EMPTY_BODY = YES;
				CLANG_WARN_ENUM_CONVERSION = YES;
				CLANG_WARN_INFINITE_RECURSION = YES;
				CLANG_WARN_INT_CONVERSION = YES;
				CLANG_WARN_NON_LITERAL_NULL_CONVERSION = YES;
				CLANG_WARN_OBJC_IMPLICIT_RETAIN_SELF = YES;
				CLANG_WARN_OBJC_LITERAL_CONVERSION = YES;
				CLANG_WARN_OBJC_ROOT_CLASS = YES_ERROR;
				CLANG_WARN_QUOTED_INCLUDE_IN_FRAMEWORK_HEADER = YES;
				CLANG_WARN_RANGE_LOOP_ANALYSIS = YES;
				CLANG_WARN_STRICT_PROTOTYPES = YES;
				CLANG_WARN_SUSPICIOUS_MOVE = YES;
				CLANG_WARN_UNGUARDED_AVAILABILITY = YES_AGGRESSIVE;
				CLANG_WARN_UNREACHABLE_CODE = YES;
				CLANG_WARN__DUPLICATE_METHOD_MATCH = YES;
				COPY_PHASE_STRIP = NO;
				DEBUG_INFORMATION_FORMAT = dwarf;
				ENABLE_STRICT_OBJC_MSGSEND = YES;
				ENABLE_TESTABILITY = YES;
				GCC_C_LANGUAGE_STANDARD = gnu11;
				GCC_DYNAMIC_NO_PIC = NO;
				GCC_NO_COMMON_BLOCKS = YES;
				GCC_OPTIMIZATION_LEVEL = 0;
				GCC_PREPROCESSOR_DEFINITIONS = (
					"DEBUG=1",
					"$(inherited)",
				);
				GCC_WARN_64_TO_32_BIT_CONVERSION = YES;
				GCC_WARN_ABOUT_RETURN_TYPE = YES_ERROR;
				GCC_WARN_UNDECLARED_SELECTOR = YES;
				GCC_WARN_UNINITIALIZED_AUTOS = YES_AGGRESSIVE;
				GCC_WARN_UNUSED_FUNCTION = YES;
				GCC_WARN_UNUSED_VARIABLE = YES;
				IPHONEOS_DEPLOYMENT_TARGET = 15.4;
				MTL_ENABLE_DEBUG_INFO = INCLUDE_SOURCE;
				MTL_FAST_MATH = YES;
				ONLY_ACTIVE_ARCH = YES;
				SDKROOT = iphoneos;
				SWIFT_ACTIVE_COMPILATION_CONDITIONS = DEBUG;
				SWIFT_OPTIMIZATION_LEVEL = "-Onone";
			};
			name = Debug;
		};
		B1F7B58B28DC23BA00252C79 /* Release */ = {
			isa = XCBuildConfiguration;
			buildSettings = {
				ALWAYS_SEARCH_USER_PATHS = NO;
				CLANG_ANALYZER_NONNULL = YES;
				CLANG_ANALYZER_NUMBER_OBJECT_CONVERSION = YES_AGGRESSIVE;
				CLANG_CXX_LANGUAGE_STANDARD = "gnu++17";
				CLANG_ENABLE_MODULES = YES;
				CLANG_ENABLE_OBJC_ARC = YES;
				CLANG_ENABLE_OBJC_WEAK = YES;
				CLANG_WARN_BLOCK_CAPTURE_AUTORELEASING = YES;
				CLANG_WARN_BOOL_CONVERSION = YES;
				CLANG_WARN_COMMA = YES;
				CLANG_WARN_CONSTANT_CONVERSION = YES;
				CLANG_WARN_DEPRECATED_OBJC_IMPLEMENTATIONS = YES;
				CLANG_WARN_DIRECT_OBJC_ISA_USAGE = YES_ERROR;
				CLANG_WARN_DOCUMENTATION_COMMENTS = YES;
				CLANG_WARN_EMPTY_BODY = YES;
				CLANG_WARN_ENUM_CONVERSION = YES;
				CLANG_WARN_INFINITE_RECURSION = YES;
				CLANG_WARN_INT_CONVERSION = YES;
				CLANG_WARN_NON_LITERAL_NULL_CONVERSION = YES;
				CLANG_WARN_OBJC_IMPLICIT_RETAIN_SELF = YES;
				CLANG_WARN_OBJC_LITERAL_CONVERSION = YES;
				CLANG_WARN_OBJC_ROOT_CLASS = YES_ERROR;
				CLANG_WARN_QUOTED_INCLUDE_IN_FRAMEWORK_HEADER = YES;
				CLANG_WARN_RANGE_LOOP_ANALYSIS = YES;
				CLANG_WARN_STRICT_PROTOTYPES = YES;
				CLANG_WARN_SUSPICIOUS_MOVE = YES;
				CLANG_WARN_UNGUARDED_AVAILABILITY = YES_AGGRESSIVE;
				CLANG_WARN_UNREACHABLE_CODE = YES;
				CLANG_WARN__DUPLICATE_METHOD_MATCH = YES;
				COPY_PHASE_STRIP = NO;
				DEBUG_INFORMATION_FORMAT = "dwarf-with-dsym";
				ENABLE_NS_ASSERTIONS = NO;
				ENABLE_STRICT_OBJC_MSGSEND = YES;
				GCC_C_LANGUAGE_STANDARD = gnu11;
				GCC_NO_COMMON_BLOCKS = YES;
				GCC_WARN_64_TO_32_BIT_CONVERSION = YES;
				GCC_WARN_ABOUT_RETURN_TYPE = YES_ERROR;
				GCC_WARN_UNDECLARED_SELECTOR = YES;
				GCC_WARN_UNINITIALIZED_AUTOS = YES_AGGRESSIVE;
				GCC_WARN_UNUSED_FUNCTION = YES;
				GCC_WARN_UNUSED_VARIABLE = YES;
				IPHONEOS_DEPLOYMENT_TARGET = 15.4;
				MTL_ENABLE_DEBUG_INFO = NO;
				MTL_FAST_MATH = YES;
				SDKROOT = iphoneos;
				SWIFT_COMPILATION_MODE = wholemodule;
				SWIFT_OPTIMIZATION_LEVEL = "-O";
				VALIDATE_PRODUCT = YES;
			};
			name = Release;
		};
		B1F7B58D28DC23BA00252C79 /* Debug */ = {
			isa = XCBuildConfiguration;
			baseConfigurationReference = 263D1FBBBFCB1EA6ACACB820 /* Pods-PostgressIOS.debug.xcconfig */;
			buildSettings = {
				ASSETCATALOG_COMPILER_APPICON_NAME = AppIcon;
				ASSETCATALOG_COMPILER_GLOBAL_ACCENT_COLOR_NAME = AccentColor;
				CODE_SIGN_STYLE = Automatic;
				CURRENT_PROJECT_VERSION = 1;
				DEVELOPMENT_TEAM = RKP2C4869B;
				GENERATE_INFOPLIST_FILE = YES;
				INFOPLIST_FILE = PostgressIOS/Info.plist;
				INFOPLIST_KEY_UIApplicationSupportsIndirectInputEvents = YES;
				INFOPLIST_KEY_UILaunchStoryboardName = LaunchScreen;
				INFOPLIST_KEY_UIMainStoryboardFile = Main;
				INFOPLIST_KEY_UISupportedInterfaceOrientations_iPad = "UIInterfaceOrientationPortrait UIInterfaceOrientationPortraitUpsideDown UIInterfaceOrientationLandscapeLeft UIInterfaceOrientationLandscapeRight";
				INFOPLIST_KEY_UISupportedInterfaceOrientations_iPhone = "UIInterfaceOrientationPortrait UIInterfaceOrientationLandscapeLeft UIInterfaceOrientationLandscapeRight";
				LD_RUNPATH_SEARCH_PATHS = (
					"$(inherited)",
					"@executable_path/Frameworks",
				);
				MARKETING_VERSION = 1.0;
				PRODUCT_BUNDLE_IDENTIFIER = com.softfoundry.PostgressIOS.PostgressIOS;
				PRODUCT_NAME = "$(TARGET_NAME)";
				SWIFT_EMIT_LOC_STRINGS = YES;
				SWIFT_VERSION = 5.0;
				TARGETED_DEVICE_FAMILY = "1,2";
			};
			name = Debug;
		};
		B1F7B58E28DC23BA00252C79 /* Release */ = {
			isa = XCBuildConfiguration;
			baseConfigurationReference = CA08CE683C037ED6488895E0 /* Pods-PostgressIOS.release.xcconfig */;
			buildSettings = {
				ASSETCATALOG_COMPILER_APPICON_NAME = AppIcon;
				ASSETCATALOG_COMPILER_GLOBAL_ACCENT_COLOR_NAME = AccentColor;
				CODE_SIGN_STYLE = Automatic;
				CURRENT_PROJECT_VERSION = 1;
				DEVELOPMENT_TEAM = RKP2C4869B;
				GENERATE_INFOPLIST_FILE = YES;
				INFOPLIST_FILE = PostgressIOS/Info.plist;
				INFOPLIST_KEY_UIApplicationSupportsIndirectInputEvents = YES;
				INFOPLIST_KEY_UILaunchStoryboardName = LaunchScreen;
				INFOPLIST_KEY_UIMainStoryboardFile = Main;
				INFOPLIST_KEY_UISupportedInterfaceOrientations_iPad = "UIInterfaceOrientationPortrait UIInterfaceOrientationPortraitUpsideDown UIInterfaceOrientationLandscapeLeft UIInterfaceOrientationLandscapeRight";
				INFOPLIST_KEY_UISupportedInterfaceOrientations_iPhone = "UIInterfaceOrientationPortrait UIInterfaceOrientationLandscapeLeft UIInterfaceOrientationLandscapeRight";
				LD_RUNPATH_SEARCH_PATHS = (
					"$(inherited)",
					"@executable_path/Frameworks",
				);
				MARKETING_VERSION = 1.0;
				PRODUCT_BUNDLE_IDENTIFIER = com.softfoundry.PostgressIOS.PostgressIOS;
				PRODUCT_NAME = "$(TARGET_NAME)";
				SWIFT_EMIT_LOC_STRINGS = YES;
				SWIFT_VERSION = 5.0;
				TARGETED_DEVICE_FAMILY = "1,2";
			};
			name = Release;
		};
/* End XCBuildConfiguration section */

/* Begin XCConfigurationList section */
		B1F7B57328DC23B800252C79 /* Build configuration list for PBXProject "PostgressIOS" */ = {
			isa = XCConfigurationList;
			buildConfigurations = (
				B1F7B58A28DC23BA00252C79 /* Debug */,
				B1F7B58B28DC23BA00252C79 /* Release */,
			);
			defaultConfigurationIsVisible = 0;
			defaultConfigurationName = Release;
		};
		B1F7B58C28DC23BA00252C79 /* Build configuration list for PBXNativeTarget "PostgressIOS" */ = {
			isa = XCConfigurationList;
			buildConfigurations = (
				B1F7B58D28DC23BA00252C79 /* Debug */,
				B1F7B58E28DC23BA00252C79 /* Release */,
			);
			defaultConfigurationIsVisible = 0;
			defaultConfigurationName = Release;
		};
/* End XCConfigurationList section */
	};
	rootObject = B1F7B57028DC23B800252C79 /* Project object */;
}
